// !$*UTF8*$!
{
	archiveVersion = 1;
	classes = {
	};
	objectVersion = 56;
	objects = {

/* Begin PBXBuildFile section */
		06E0A4D32B632E8B00BCA785 /* BotionNFCApp.swift in Sources */ = {isa = PBXBuildFile; fileRef = 06E0A4D22B632E8B00BCA785 /* BotionNFCApp.swift */; };
		06E0A4D52B632E8B00BCA785 /* ContentView.swift in Sources */ = {isa = PBXBuildFile; fileRef = 06E0A4D42B632E8B00BCA785 /* ContentView.swift */; };
		06E0A4D72B632E8C00BCA785 /* Assets.xcassets in Resources */ = {isa = PBXBuildFile; fileRef = 06E0A4D62B632E8C00BCA785 /* Assets.xcassets */; };
		06E0A4DB2B632E8C00BCA785 /* Preview Assets.xcassets in Resources */ = {isa = PBXBuildFile; fileRef = 06E0A4DA2B632E8C00BCA785 /* Preview Assets.xcassets */; };
		06E0A4E52B632E8C00BCA785 /* BotionNFCTests.swift in Sources */ = {isa = PBXBuildFile; fileRef = 06E0A4E42B632E8C00BCA785 /* BotionNFCTests.swift */; };
		06E0A4EF2B632E8C00BCA785 /* BotionNFCUITests.swift in Sources */ = {isa = PBXBuildFile; fileRef = 06E0A4EE2B632E8C00BCA785 /* BotionNFCUITests.swift */; };
		06E0A4F12B632E8C00BCA785 /* BotionNFCUITestsLaunchTests.swift in Sources */ = {isa = PBXBuildFile; fileRef = 06E0A4F02B632E8C00BCA785 /* BotionNFCUITestsLaunchTests.swift */; };
/* End PBXBuildFile section */

/* Begin PBXContainerItemProxy section */
		06E0A4E12B632E8C00BCA785 /* PBXContainerItemProxy */ = {
			isa = PBXContainerItemProxy;
			containerPortal = 06E0A4C72B632E8B00BCA785 /* Project object */;
			proxyType = 1;
			remoteGlobalIDString = 06E0A4CE2B632E8B00BCA785;
			remoteInfo = BotionNFC;
		};
		06E0A4EB2B632E8C00BCA785 /* PBXContainerItemProxy */ = {
			isa = PBXContainerItemProxy;
			containerPortal = 06E0A4C72B632E8B00BCA785 /* Project object */;
			proxyType = 1;
			remoteGlobalIDString = 06E0A4CE2B632E8B00BCA785;
			remoteInfo = BotionNFC;
		};
/* End PBXContainerItemProxy section */

/* Begin PBXFileReference section */
		06E0A4CF2B632E8B00BCA785 /* BotionNFC.app */ = {isa = PBXFileReference; explicitFileType = wrapper.application; includeInIndex = 0; path = BotionNFC.app; sourceTree = BUILT_PRODUCTS_DIR; };
		06E0A4D22B632E8B00BCA785 /* BotionNFCApp.swift */ = {isa = PBXFileReference; lastKnownFileType = sourcecode.swift; path = BotionNFCApp.swift; sourceTree = "<group>"; };
		06E0A4D42B632E8B00BCA785 /* ContentView.swift */ = {isa = PBXFileReference; lastKnownFileType = sourcecode.swift; path = ContentView.swift; sourceTree = "<group>"; };
		06E0A4D62B632E8C00BCA785 /* Assets.xcassets */ = {isa = PBXFileReference; lastKnownFileType = folder.assetcatalog; path = Assets.xcassets; sourceTree = "<group>"; };
		06E0A4D82B632E8C00BCA785 /* BotionNFC.entitlements */ = {isa = PBXFileReference; lastKnownFileType = text.plist.entitlements; path = BotionNFC.entitlements; sourceTree = "<group>"; };
		06E0A4DA2B632E8C00BCA785 /* Preview Assets.xcassets */ = {isa = PBXFileReference; lastKnownFileType = folder.assetcatalog; path = "Preview Assets.xcassets"; sourceTree = "<group>"; };
		06E0A4E02B632E8C00BCA785 /* BotionNFCTests.xctest */ = {isa = PBXFileReference; explicitFileType = wrapper.cfbundle; includeInIndex = 0; path = BotionNFCTests.xctest; sourceTree = BUILT_PRODUCTS_DIR; };
		06E0A4E42B632E8C00BCA785 /* BotionNFCTests.swift */ = {isa = PBXFileReference; lastKnownFileType = sourcecode.swift; path = BotionNFCTests.swift; sourceTree = "<group>"; };
		06E0A4EA2B632E8C00BCA785 /* BotionNFCUITests.xctest */ = {isa = PBXFileReference; explicitFileType = wrapper.cfbundle; includeInIndex = 0; path = BotionNFCUITests.xctest; sourceTree = BUILT_PRODUCTS_DIR; };
		06E0A4EE2B632E8C00BCA785 /* BotionNFCUITests.swift */ = {isa = PBXFileReference; lastKnownFileType = sourcecode.swift; path = BotionNFCUITests.swift; sourceTree = "<group>"; };
		06E0A4F02B632E8C00BCA785 /* BotionNFCUITestsLaunchTests.swift */ = {isa = PBXFileReference; lastKnownFileType = sourcecode.swift; path = BotionNFCUITestsLaunchTests.swift; sourceTree = "<group>"; };
/* End PBXFileReference section */

/* Begin PBXFrameworksBuildPhase section */
		06E0A4CC2B632E8B00BCA785 /* Frameworks */ = {
			isa = PBXFrameworksBuildPhase;
			buildActionMask = 2147483647;
			files = (
			);
			runOnlyForDeploymentPostprocessing = 0;
		};
		06E0A4DD2B632E8C00BCA785 /* Frameworks */ = {
			isa = PBXFrameworksBuildPhase;
			buildActionMask = 2147483647;
			files = (
			);
			runOnlyForDeploymentPostprocessing = 0;
		};
		06E0A4E72B632E8C00BCA785 /* Frameworks */ = {
			isa = PBXFrameworksBuildPhase;
			buildActionMask = 2147483647;
			files = (
			);
			runOnlyForDeploymentPostprocessing = 0;
		};
/* End PBXFrameworksBuildPhase section */

/* Begin PBXGroup section */
		06E0A4C62B632E8B00BCA785 = {
			isa = PBXGroup;
			children = (
				06E0A4D12B632E8B00BCA785 /* BotionNFC */,
				06E0A4E32B632E8C00BCA785 /* BotionNFCTests */,
				06E0A4ED2B632E8C00BCA785 /* BotionNFCUITests */,
				06E0A4D02B632E8B00BCA785 /* Products */,
			);
			sourceTree = "<group>";
		};
		06E0A4D02B632E8B00BCA785 /* Products */ = {
			isa = PBXGroup;
			children = (
				06E0A4CF2B632E8B00BCA785 /* BotionNFC.app */,
				06E0A4E02B632E8C00BCA785 /* BotionNFCTests.xctest */,
				06E0A4EA2B632E8C00BCA785 /* BotionNFCUITests.xctest */,
			);
			name = Products;
			sourceTree = "<group>";
		};
		06E0A4D12B632E8B00BCA785 /* BotionNFC */ = {
			isa = PBXGroup;
			children = (
				06E0A4D22B632E8B00BCA785 /* BotionNFCApp.swift */,
				06E0A4D42B632E8B00BCA785 /* ContentView.swift */,
				06E0A4D62B632E8C00BCA785 /* Assets.xcassets */,
				06E0A4D82B632E8C00BCA785 /* BotionNFC.entitlements */,
				06E0A4D92B632E8C00BCA785 /* Preview Content */,
			);
			path = BotionNFC;
			sourceTree = "<group>";
		};
		06E0A4D92B632E8C00BCA785 /* Preview Content */ = {
			isa = PBXGroup;
			children = (
				06E0A4DA2B632E8C00BCA785 /* Preview Assets.xcassets */,
			);
			path = "Preview Content";
			sourceTree = "<group>";
		};
		06E0A4E32B632E8C00BCA785 /* BotionNFCTests */ = {
			isa = PBXGroup;
			children = (
				06E0A4E42B632E8C00BCA785 /* BotionNFCTests.swift */,
			);
			path = BotionNFCTests;
			sourceTree = "<group>";
		};
		06E0A4ED2B632E8C00BCA785 /* BotionNFCUITests */ = {
			isa = PBXGroup;
			children = (
				06E0A4EE2B632E8C00BCA785 /* BotionNFCUITests.swift */,
				06E0A4F02B632E8C00BCA785 /* BotionNFCUITestsLaunchTests.swift */,
			);
			path = BotionNFCUITests;
			sourceTree = "<group>";
		};
/* End PBXGroup section */

/* Begin PBXNativeTarget section */
		06E0A4CE2B632E8B00BCA785 /* BotionNFC */ = {
			isa = PBXNativeTarget;
			buildConfigurationList = 06E0A4F42B632E8C00BCA785 /* Build configuration list for PBXNativeTarget "BotionNFC" */;
			buildPhases = (
				06E0A4CB2B632E8B00BCA785 /* Sources */,
				06E0A4CC2B632E8B00BCA785 /* Frameworks */,
				06E0A4CD2B632E8B00BCA785 /* Resources */,
			);
			buildRules = (
			);
			dependencies = (
			);
			name = BotionNFC;
			productName = BotionNFC;
			productReference = 06E0A4CF2B632E8B00BCA785 /* BotionNFC.app */;
			productType = "com.apple.product-type.application";
		};
		06E0A4DF2B632E8C00BCA785 /* BotionNFCTests */ = {
			isa = PBXNativeTarget;
			buildConfigurationList = 06E0A4F72B632E8C00BCA785 /* Build configuration list for PBXNativeTarget "BotionNFCTests" */;
			buildPhases = (
				06E0A4DC2B632E8C00BCA785 /* Sources */,
				06E0A4DD2B632E8C00BCA785 /* Frameworks */,
				06E0A4DE2B632E8C00BCA785 /* Resources */,
			);
			buildRules = (
			);
			dependencies = (
				06E0A4E22B632E8C00BCA785 /* PBXTargetDependency */,
			);
			name = BotionNFCTests;
			productName = BotionNFCTests;
			productReference = 06E0A4E02B632E8C00BCA785 /* BotionNFCTests.xctest */;
			productType = "com.apple.product-type.bundle.unit-test";
		};
		06E0A4E92B632E8C00BCA785 /* BotionNFCUITests */ = {
			isa = PBXNativeTarget;
			buildConfigurationList = 06E0A4FA2B632E8C00BCA785 /* Build configuration list for PBXNativeTarget "BotionNFCUITests" */;
			buildPhases = (
				06E0A4E62B632E8C00BCA785 /* Sources */,
				06E0A4E72B632E8C00BCA785 /* Frameworks */,
				06E0A4E82B632E8C00BCA785 /* Resources */,
			);
			buildRules = (
			);
			dependencies = (
				06E0A4EC2B632E8C00BCA785 /* PBXTargetDependency */,
			);
			name = BotionNFCUITests;
			productName = BotionNFCUITests;
			productReference = 06E0A4EA2B632E8C00BCA785 /* BotionNFCUITests.xctest */;
			productType = "com.apple.product-type.bundle.ui-testing";
		};
/* End PBXNativeTarget section */

/* Begin PBXProject section */
		06E0A4C72B632E8B00BCA785 /* Project object */ = {
			isa = PBXProject;
			attributes = {
				BuildIndependentTargetsInParallel = 1;
				LastSwiftUpdateCheck = 1520;
				LastUpgradeCheck = 1520;
				TargetAttributes = {
					06E0A4CE2B632E8B00BCA785 = {
						CreatedOnToolsVersion = 15.2;
					};
					06E0A4DF2B632E8C00BCA785 = {
						CreatedOnToolsVersion = 15.2;
						TestTargetID = 06E0A4CE2B632E8B00BCA785;
					};
					06E0A4E92B632E8C00BCA785 = {
						CreatedOnToolsVersion = 15.2;
						TestTargetID = 06E0A4CE2B632E8B00BCA785;
					};
				};
			};
			buildConfigurationList = 06E0A4CA2B632E8B00BCA785 /* Build configuration list for PBXProject "BotionNFC" */;
			compatibilityVersion = "Xcode 14.0";
			developmentRegion = en;
			hasScannedForEncodings = 0;
			knownRegions = (
				en,
				Base,
			);
			mainGroup = 06E0A4C62B632E8B00BCA785;
			productRefGroup = 06E0A4D02B632E8B00BCA785 /* Products */;
			projectDirPath = "";
			projectRoot = "";
			targets = (
				06E0A4CE2B632E8B00BCA785 /* BotionNFC */,
				06E0A4DF2B632E8C00BCA785 /* BotionNFCTests */,
				06E0A4E92B632E8C00BCA785 /* BotionNFCUITests */,
			);
		};
/* End PBXProject section */

/* Begin PBXResourcesBuildPhase section */
		06E0A4CD2B632E8B00BCA785 /* Resources */ = {
			isa = PBXResourcesBuildPhase;
			buildActionMask = 2147483647;
			files = (
				06E0A4DB2B632E8C00BCA785 /* Preview Assets.xcassets in Resources */,
				06E0A4D72B632E8C00BCA785 /* Assets.xcassets in Resources */,
			);
			runOnlyForDeploymentPostprocessing = 0;
		};
		06E0A4DE2B632E8C00BCA785 /* Resources */ = {
			isa = PBXResourcesBuildPhase;
			buildActionMask = 2147483647;
			files = (
			);
			runOnlyForDeploymentPostprocessing = 0;
		};
		06E0A4E82B632E8C00BCA785 /* Resources */ = {
			isa = PBXResourcesBuildPhase;
			buildActionMask = 2147483647;
			files = (
			);
			runOnlyForDeploymentPostprocessing = 0;
		};
/* End PBXResourcesBuildPhase section */

/* Begin PBXSourcesBuildPhase section */
		06E0A4CB2B632E8B00BCA785 /* Sources */ = {
			isa = PBXSourcesBuildPhase;
			buildActionMask = 2147483647;
			files = (
				06E0A4D52B632E8B00BCA785 /* ContentView.swift in Sources */,
				06E0A4D32B632E8B00BCA785 /* BotionNFCApp.swift in Sources */,
			);
			runOnlyForDeploymentPostprocessing = 0;
		};
		06E0A4DC2B632E8C00BCA785 /* Sources */ = {
			isa = PBXSourcesBuildPhase;
			buildActionMask = 2147483647;
			files = (
				06E0A4E52B632E8C00BCA785 /* BotionNFCTests.swift in Sources */,
			);
			runOnlyForDeploymentPostprocessing = 0;
		};
		06E0A4E62B632E8C00BCA785 /* Sources */ = {
			isa = PBXSourcesBuildPhase;
			buildActionMask = 2147483647;
			files = (
				06E0A4EF2B632E8C00BCA785 /* BotionNFCUITests.swift in Sources */,
				06E0A4F12B632E8C00BCA785 /* BotionNFCUITestsLaunchTests.swift in Sources */,
			);
			runOnlyForDeploymentPostprocessing = 0;
		};
/* End PBXSourcesBuildPhase section */

/* Begin PBXTargetDependency section */
		06E0A4E22B632E8C00BCA785 /* PBXTargetDependency */ = {
			isa = PBXTargetDependency;
			target = 06E0A4CE2B632E8B00BCA785 /* BotionNFC */;
			targetProxy = 06E0A4E12B632E8C00BCA785 /* PBXContainerItemProxy */;
		};
		06E0A4EC2B632E8C00BCA785 /* PBXTargetDependency */ = {
			isa = PBXTargetDependency;
			target = 06E0A4CE2B632E8B00BCA785 /* BotionNFC */;
			targetProxy = 06E0A4EB2B632E8C00BCA785 /* PBXContainerItemProxy */;
		};
/* End PBXTargetDependency section */

/* Begin XCBuildConfiguration section */
		06E0A4F22B632E8C00BCA785 /* Debug */ = {
			isa = XCBuildConfiguration;
			buildSettings = {
				ALWAYS_SEARCH_USER_PATHS = NO;
				ASSETCATALOG_COMPILER_GENERATE_SWIFT_ASSET_SYMBOL_EXTENSIONS = YES;
				CLANG_ANALYZER_NONNULL = YES;
				CLANG_ANALYZER_NUMBER_OBJECT_CONVERSION = YES_AGGRESSIVE;
				CLANG_CXX_LANGUAGE_STANDARD = "gnu++20";
				CLANG_ENABLE_MODULES = YES;
				CLANG_ENABLE_OBJC_ARC = YES;
				CLANG_ENABLE_OBJC_WEAK = YES;
				CLANG_WARN_BLOCK_CAPTURE_AUTORELEASING = YES;
				CLANG_WARN_BOOL_CONVERSION = YES;
				CLANG_WARN_COMMA = YES;
				CLANG_WARN_CONSTANT_CONVERSION = YES;
				CLANG_WARN_DEPRECATED_OBJC_IMPLEMENTATIONS = YES;
				CLANG_WARN_DIRECT_OBJC_ISA_USAGE = YES_ERROR;
				CLANG_WARN_DOCUMENTATION_COMMENTS = YES;
				CLANG_WARN_EMPTY_BODY = YES;
				CLANG_WARN_ENUM_CONVERSION = YES;
				CLANG_WARN_INFINITE_RECURSION = YES;
				CLANG_WARN_INT_CONVERSION = YES;
				CLANG_WARN_NON_LITERAL_NULL_CONVERSION = YES;
				CLANG_WARN_OBJC_IMPLICIT_RETAIN_SELF = YES;
				CLANG_WARN_OBJC_LITERAL_CONVERSION = YES;
				CLANG_WARN_OBJC_ROOT_CLASS = YES_ERROR;
				CLANG_WARN_QUOTED_INCLUDE_IN_FRAMEWORK_HEADER = YES;
				CLANG_WARN_RANGE_LOOP_ANALYSIS = YES;
				CLANG_WARN_STRICT_PROTOTYPES = YES;
				CLANG_WARN_SUSPICIOUS_MOVE = YES;
				CLANG_WARN_UNGUARDED_AVAILABILITY = YES_AGGRESSIVE;
				CLANG_WARN_UNREACHABLE_CODE = YES;
				CLANG_WARN__DUPLICATE_METHOD_MATCH = YES;
				COPY_PHASE_STRIP = NO;
				DEBUG_INFORMATION_FORMAT = dwarf;
				ENABLE_STRICT_OBJC_MSGSEND = YES;
				ENABLE_TESTABILITY = YES;
				ENABLE_USER_SCRIPT_SANDBOXING = YES;
				GCC_C_LANGUAGE_STANDARD = gnu17;
				GCC_DYNAMIC_NO_PIC = NO;
				GCC_NO_COMMON_BLOCKS = YES;
				GCC_OPTIMIZATION_LEVEL = 0;
				GCC_PREPROCESSOR_DEFINITIONS = (
					"DEBUG=1",
					"$(inherited)",
				);
				GCC_WARN_64_TO_32_BIT_CONVERSION = YES;
				GCC_WARN_ABOUT_RETURN_TYPE = YES_ERROR;
				GCC_WARN_UNDECLARED_SELECTOR = YES;
				GCC_WARN_UNINITIALIZED_AUTOS = YES_AGGRESSIVE;
				GCC_WARN_UNUSED_FUNCTION = YES;
				GCC_WARN_UNUSED_VARIABLE = YES;
				LOCALIZATION_PREFERS_STRING_CATALOGS = YES;
				MTL_ENABLE_DEBUG_INFO = INCLUDE_SOURCE;
				MTL_FAST_MATH = YES;
				ONLY_ACTIVE_ARCH = YES;
				SWIFT_ACTIVE_COMPILATION_CONDITIONS = "DEBUG $(inherited)";
				SWIFT_OPTIMIZATION_LEVEL = "-Onone";
			};
			name = Debug;
		};
		06E0A4F32B632E8C00BCA785 /* Release */ = {
			isa = XCBuildConfiguration;
			buildSettings = {
				ALWAYS_SEARCH_USER_PATHS = NO;
				ASSETCATALOG_COMPILER_GENERATE_SWIFT_ASSET_SYMBOL_EXTENSIONS = YES;
				CLANG_ANALYZER_NONNULL = YES;
				CLANG_ANALYZER_NUMBER_OBJECT_CONVERSION = YES_AGGRESSIVE;
				CLANG_CXX_LANGUAGE_STANDARD = "gnu++20";
				CLANG_ENABLE_MODULES = YES;
				CLANG_ENABLE_OBJC_ARC = YES;
				CLANG_ENABLE_OBJC_WEAK = YES;
				CLANG_WARN_BLOCK_CAPTURE_AUTORELEASING = YES;
				CLANG_WARN_BOOL_CONVERSION = YES;
				CLANG_WARN_COMMA = YES;
				CLANG_WARN_CONSTANT_CONVERSION = YES;
				CLANG_WARN_DEPRECATED_OBJC_IMPLEMENTATIONS = YES;
				CLANG_WARN_DIRECT_OBJC_ISA_USAGE = YES_ERROR;
				CLANG_WARN_DOCUMENTATION_COMMENTS = YES;
				CLANG_WARN_EMPTY_BODY = YES;
				CLANG_WARN_ENUM_CONVERSION = YES;
				CLANG_WARN_INFINITE_RECURSION = YES;
				CLANG_WARN_INT_CONVERSION = YES;
				CLANG_WARN_NON_LITERAL_NULL_CONVERSION = YES;
				CLANG_WARN_OBJC_IMPLICIT_RETAIN_SELF = YES;
				CLANG_WARN_OBJC_LITERAL_CONVERSION = YES;
				CLANG_WARN_OBJC_ROOT_CLASS = YES_ERROR;
				CLANG_WARN_QUOTED_INCLUDE_IN_FRAMEWORK_HEADER = YES;
				CLANG_WARN_RANGE_LOOP_ANALYSIS = YES;
				CLANG_WARN_STRICT_PROTOTYPES = YES;
				CLANG_WARN_SUSPICIOUS_MOVE = YES;
				CLANG_WARN_UNGUARDED_AVAILABILITY = YES_AGGRESSIVE;
				CLANG_WARN_UNREACHABLE_CODE = YES;
				CLANG_WARN__DUPLICATE_METHOD_MATCH = YES;
				COPY_PHASE_STRIP = NO;
				DEBUG_INFORMATION_FORMAT = "dwarf-with-dsym";
				ENABLE_NS_ASSERTIONS = NO;
				ENABLE_STRICT_OBJC_MSGSEND = YES;
				ENABLE_USER_SCRIPT_SANDBOXING = YES;
				GCC_C_LANGUAGE_STANDARD = gnu17;
				GCC_NO_COMMON_BLOCKS = YES;
				GCC_WARN_64_TO_32_BIT_CONVERSION = YES;
				GCC_WARN_ABOUT_RETURN_TYPE = YES_ERROR;
				GCC_WARN_UNDECLARED_SELECTOR = YES;
				GCC_WARN_UNINITIALIZED_AUTOS = YES_AGGRESSIVE;
				GCC_WARN_UNUSED_FUNCTION = YES;
				GCC_WARN_UNUSED_VARIABLE = YES;
				LOCALIZATION_PREFERS_STRING_CATALOGS = YES;
				MTL_ENABLE_DEBUG_INFO = NO;
				MTL_FAST_MATH = YES;
				SWIFT_COMPILATION_MODE = wholemodule;
			};
			name = Release;
		};
		06E0A4F52B632E8C00BCA785 /* Debug */ = {
			isa = XCBuildConfiguration;
			buildSettings = {
				ASSETCATALOG_COMPILER_APPICON_NAME = AppIcon;
				ASSETCATALOG_COMPILER_GLOBAL_ACCENT_COLOR_NAME = AccentColor;
				CODE_SIGN_ENTITLEMENTS = BotionNFC/BotionNFC.entitlements;
				CODE_SIGN_STYLE = Automatic;
				CURRENT_PROJECT_VERSION = 1;
				DEVELOPMENT_ASSET_PATHS = "\"BotionNFC/Preview Content\"";
				DEVELOPMENT_TEAM = DHX4DPP22G;
				ENABLE_HARDENED_RUNTIME = YES;
				ENABLE_PREVIEWS = YES;
				GENERATE_INFOPLIST_FILE = YES;
				"INFOPLIST_KEY_UIApplicationSceneManifest_Generation[sdk=iphoneos*]" = YES;
				"INFOPLIST_KEY_UIApplicationSceneManifest_Generation[sdk=iphonesimulator*]" = YES;
				"INFOPLIST_KEY_UIApplicationSupportsIndirectInputEvents[sdk=iphoneos*]" = YES;
				"INFOPLIST_KEY_UIApplicationSupportsIndirectInputEvents[sdk=iphonesimulator*]" = YES;
				"INFOPLIST_KEY_UILaunchScreen_Generation[sdk=iphoneos*]" = YES;
				"INFOPLIST_KEY_UILaunchScreen_Generation[sdk=iphonesimulator*]" = YES;
				"INFOPLIST_KEY_UIStatusBarStyle[sdk=iphoneos*]" = UIStatusBarStyleDefault;
				"INFOPLIST_KEY_UIStatusBarStyle[sdk=iphonesimulator*]" = UIStatusBarStyleDefault;
				INFOPLIST_KEY_UISupportedInterfaceOrientations_iPad = "UIInterfaceOrientationPortrait UIInterfaceOrientationPortraitUpsideDown UIInterfaceOrientationLandscapeLeft UIInterfaceOrientationLandscapeRight";
				INFOPLIST_KEY_UISupportedInterfaceOrientations_iPhone = "UIInterfaceOrientationPortrait UIInterfaceOrientationLandscapeLeft UIInterfaceOrientationLandscapeRight";
				IPHONEOS_DEPLOYMENT_TARGET = 17.2;
				LD_RUNPATH_SEARCH_PATHS = "@executable_path/Frameworks";
				"LD_RUNPATH_SEARCH_PATHS[sdk=macosx*]" = "@executable_path/../Frameworks";
				MACOSX_DEPLOYMENT_TARGET = 14.2;
				MARKETING_VERSION = 1.0;
				PRODUCT_BUNDLE_IDENTIFIER = abenstirling.BotionNFC;
				PRODUCT_NAME = "$(TARGET_NAME)";
				SDKROOT = auto;
				SUPPORTED_PLATFORMS = "iphoneos iphonesimulator macosx";
				SWIFT_EMIT_LOC_STRINGS = YES;
				SWIFT_VERSION = 5.0;
				TARGETED_DEVICE_FAMILY = "1,2";
			};
			name = Debug;
		};
		06E0A4F62B632E8C00BCA785 /* Release */ = {
			isa = XCBuildConfiguration;
			buildSettings = {
				ASSETCATALOG_COMPILER_APPICON_NAME = AppIcon;
				ASSETCATALOG_COMPILER_GLOBAL_ACCENT_COLOR_NAME = AccentColor;
				CODE_SIGN_ENTITLEMENTS = BotionNFC/BotionNFC.entitlements;
				CODE_SIGN_STYLE = Automatic;
				CURRENT_PROJECT_VERSION = 1;
				DEVELOPMENT_ASSET_PATHS = "\"BotionNFC/Preview Content\"";
				DEVELOPMENT_TEAM = DHX4DPP22G;
				ENABLE_HARDENED_RUNTIME = YES;
				ENABLE_PREVIEWS = YES;
				GENERATE_INFOPLIST_FILE = YES;
				"INFOPLIST_KEY_UIApplicationSceneManifest_Generation[sdk=iphoneos*]" = YES;
				"INFOPLIST_KEY_UIApplicationSceneManifest_Generation[sdk=iphonesimulator*]" = YES;
				"INFOPLIST_KEY_UIApplicationSupportsIndirectInputEvents[sdk=iphoneos*]" = YES;
				"INFOPLIST_KEY_UIApplicationSupportsIndirectInputEvents[sdk=iphonesimulator*]" = YES;
				"INFOPLIST_KEY_UILaunchScreen_Generation[sdk=iphoneos*]" = YES;
				"INFOPLIST_KEY_UILaunchScreen_Generation[sdk=iphonesimulator*]" = YES;
				"INFOPLIST_KEY_UIStatusBarStyle[sdk=iphoneos*]" = UIStatusBarStyleDefault;
				"INFOPLIST_KEY_UIStatusBarStyle[sdk=iphonesimulator*]" = UIStatusBarStyleDefault;
				INFOPLIST_KEY_UISupportedInterfaceOrientations_iPad = "UIInterfaceOrientationPortrait UIInterfaceOrientationPortraitUpsideDown UIInterfaceOrientationLandscapeLeft UIInterfaceOrientationLandscapeRight";
				INFOPLIST_KEY_UISupportedInterfaceOrientations_iPhone = "UIInterfaceOrientationPortrait UIInterfaceOrientationLandscapeLeft UIInterfaceOrientationLandscapeRight";
				IPHONEOS_DEPLOYMENT_TARGET = 17.2;
				LD_RUNPATH_SEARCH_PATHS = "@executable_path/Frameworks";
				"LD_RUNPATH_SEARCH_PATHS[sdk=macosx*]" = "@executable_path/../Frameworks";
				MACOSX_DEPLOYMENT_TARGET = 14.2;
				MARKETING_VERSION = 1.0;
				PRODUCT_BUNDLE_IDENTIFIER = abenstirling.BotionNFC;
				PRODUCT_NAME = "$(TARGET_NAME)";
				SDKROOT = auto;
				SUPPORTED_PLATFORMS = "iphoneos iphonesimulator macosx";
				SWIFT_EMIT_LOC_STRINGS = YES;
				SWIFT_VERSION = 5.0;
				TARGETED_DEVICE_FAMILY = "1,2";
			};
			name = Release;
		};
		06E0A4F82B632E8C00BCA785 /* Debug */ = {
			isa = XCBuildConfiguration;
			buildSettings = {
				ALWAYS_EMBED_SWIFT_STANDARD_LIBRARIES = YES;
				BUNDLE_LOADER = "$(TEST_HOST)";
				CODE_SIGN_STYLE = Automatic;
				CURRENT_PROJECT_VERSION = 1;
				DEVELOPMENT_TEAM = DHX4DPP22G;
				GENERATE_INFOPLIST_FILE = YES;
				IPHONEOS_DEPLOYMENT_TARGET = 17.2;
				MACOSX_DEPLOYMENT_TARGET = 14.2;
				MARKETING_VERSION = 1.0;
				PRODUCT_BUNDLE_IDENTIFIER = abenstirling.BotionNFCTests;
				PRODUCT_NAME = "$(TARGET_NAME)";
				SDKROOT = auto;
				SUPPORTED_PLATFORMS = "iphoneos iphonesimulator macosx";
				SWIFT_EMIT_LOC_STRINGS = NO;
				SWIFT_VERSION = 5.0;
				TARGETED_DEVICE_FAMILY = "1,2";
				TEST_HOST = "$(BUILT_PRODUCTS_DIR)/BotionNFC.app/$(BUNDLE_EXECUTABLE_FOLDER_PATH)/BotionNFC";
			};
			name = Debug;
		};
		06E0A4F92B632E8C00BCA785 /* Release */ = {
			isa = XCBuildConfiguration;
			buildSettings = {
				ALWAYS_EMBED_SWIFT_STANDARD_LIBRARIES = YES;
				BUNDLE_LOADER = "$(TEST_HOST)";
				CODE_SIGN_STYLE = Automatic;
				CURRENT_PROJECT_VERSION = 1;
				DEVELOPMENT_TEAM = DHX4DPP22G;
				GENERATE_INFOPLIST_FILE = YES;
				IPHONEOS_DEPLOYMENT_TARGET = 17.2;
				MACOSX_DEPLOYMENT_TARGET = 14.2;
				MARKETING_VERSION = 1.0;
				PRODUCT_BUNDLE_IDENTIFIER = abenstirling.BotionNFCTests;
				PRODUCT_NAME = "$(TARGET_NAME)";
				SDKROOT = auto;
				SUPPORTED_PLATFORMS = "iphoneos iphonesimulator macosx";
				SWIFT_EMIT_LOC_STRINGS = NO;
				SWIFT_VERSION = 5.0;
				TARGETED_DEVICE_FAMILY = "1,2";
				TEST_HOST = "$(BUILT_PRODUCTS_DIR)/BotionNFC.app/$(BUNDLE_EXECUTABLE_FOLDER_PATH)/BotionNFC";
			};
			name = Release;
		};
		06E0A4FB2B632E8C00BCA785 /* Debug */ = {
			isa = XCBuildConfiguration;
			buildSettings = {
				ALWAYS_EMBED_SWIFT_STANDARD_LIBRARIES = YES;
				CODE_SIGN_STYLE = Automatic;
				CURRENT_PROJECT_VERSION = 1;
				DEVELOPMENT_TEAM = DHX4DPP22G;
				GENERATE_INFOPLIST_FILE = YES;
				IPHONEOS_DEPLOYMENT_TARGET = 17.2;
				MACOSX_DEPLOYMENT_TARGET = 14.2;
				MARKETING_VERSION = 1.0;
				PRODUCT_BUNDLE_IDENTIFIER = abenstirling.BotionNFCUITests;
				PRODUCT_NAME = "$(TARGET_NAME)";
				SDKROOT = auto;
				SUPPORTED_PLATFORMS = "iphoneos iphonesimulator macosx";
				SWIFT_EMIT_LOC_STRINGS = NO;
				SWIFT_VERSION = 5.0;
				TARGETED_DEVICE_FAMILY = "1,2";
				TEST_TARGET_NAME = BotionNFC;
			};
			name = Debug;
		};
		06E0A4FC2B632E8C00BCA785 /* Release */ = {
			isa = XCBuildConfiguration;
			buildSettings = {
				ALWAYS_EMBED_SWIFT_STANDARD_LIBRARIES = YES;
				CODE_SIGN_STYLE = Automatic;
				CURRENT_PROJECT_VERSION = 1;
				DEVELOPMENT_TEAM = DHX4DPP22G;
				GENERATE_INFOPLIST_FILE = YES;
				IPHONEOS_DEPLOYMENT_TARGET = 17.2;
				MACOSX_DEPLOYMENT_TARGET = 14.2;
				MARKETING_VERSION = 1.0;
				PRODUCT_BUNDLE_IDENTIFIER = abenstirling.BotionNFCUITests;
				PRODUCT_NAME = "$(TARGET_NAME)";
				SDKROOT = auto;
				SUPPORTED_PLATFORMS = "iphoneos iphonesimulator macosx";
				SWIFT_EMIT_LOC_STRINGS = NO;
				SWIFT_VERSION = 5.0;
				TARGETED_DEVICE_FAMILY = "1,2";
				TEST_TARGET_NAME = BotionNFC;
			};
			name = Release;
		};
/* End XCBuildConfiguration section */

/* Begin XCConfigurationList section */
		06E0A4CA2B632E8B00BCA785 /* Build configuration list for PBXProject "BotionNFC" */ = {
			isa = XCConfigurationList;
			buildConfigurations = (
				06E0A4F22B632E8C00BCA785 /* Debug */,
				06E0A4F32B632E8C00BCA785 /* Release */,
			);
			defaultConfigurationIsVisible = 0;
			defaultConfigurationName = Release;
		};
		06E0A4F42B632E8C00BCA785 /* Build configuration list for PBXNativeTarget "BotionNFC" */ = {
			isa = XCConfigurationList;
			buildConfigurations = (
				06E0A4F52B632E8C00BCA785 /* Debug */,
				06E0A4F62B632E8C00BCA785 /* Release */,
			);
			defaultConfigurationIsVisible = 0;
			defaultConfigurationName = Release;
		};
		06E0A4F72B632E8C00BCA785 /* Build configuration list for PBXNativeTarget "BotionNFCTests" */ = {
			isa = XCConfigurationList;
			buildConfigurations = (
				06E0A4F82B632E8C00BCA785 /* Debug */,
				06E0A4F92B632E8C00BCA785 /* Release */,
			);
			defaultConfigurationIsVisible = 0;
			defaultConfigurationName = Release;
		};
		06E0A4FA2B632E8C00BCA785 /* Build configuration list for PBXNativeTarget "BotionNFCUITests" */ = {
			isa = XCConfigurationList;
			buildConfigurations = (
				06E0A4FB2B632E8C00BCA785 /* Debug */,
				06E0A4FC2B632E8C00BCA785 /* Release */,
			);
			defaultConfigurationIsVisible = 0;
			defaultConfigurationName = Release;
		};
/* End XCConfigurationList section */
	};
	rootObject = 06E0A4C72B632E8B00BCA785 /* Project object */;
}
